
Microsoft Visual Studio Solution File, Format Version 12.00
# Visual Studio Version 16
VisualStudioVersion = 16.0.28714.193
MinimumVisualStudioVersion = 10.0.40219.1
Project("{FAE04EC0-301F-11D3-BF4B-00C04F79EFBC}") = "DemoApp", "DemoApp\DemoApp.csproj", "{3A25F9AE-328C-4D26-8C13-DB9E261791C1}"
EndProject
Global
	GlobalSection(SolutionConfigurationPlatforms) = preSolution
		Debug|Any CPU = Debug|Any CPU
		Release|Any CPU = Release|Any CPU
	EndGlobalSection
	GlobalSection(ProjectConfigurationPlatforms) = postSolution
		{3A25F9AE-328C-4D26-8C13-DB9E261791C1}.Debug|Any CPU.ActiveCfg = Debug|Any CPU
		{3A25F9AE-328C-4D26-8C13-DB9E261791C1}.Debug|Any CPU.Build.0 = Debug|Any CPU
		{3A25F9AE-328C-4D26-8C13-DB9E261791C1}.Release|Any CPU.ActiveCfg = Release|Any CPU
		{3A25F9AE-328C-4D26-8C13-DB9E261791C1}.Release|Any CPU.Build.0 = Release|Any CPU
	EndGlobalSection
	GlobalSection(SolutionProperties) = preSolution
		HideSolutionNode = FALSE
	EndGlobalSection
	GlobalSection(ExtensibilityGlobals) = postSolution
		SolutionGuid = {D84A4B18-7667-48ED-8668-F8E805AC177F}
	EndGlobalSection
EndGlobal
