// !$*UTF8*$!
{
	archiveVersion = 1;
	classes = {
	};
	objectVersion = 50;
	objects = {

/* Begin PBXBuildFile section */
		520954B42149CF2D00CB15A9 /* AppDelegate.swift in Sources */ = {isa = PBXBuildFile; fileRef = 520954B32149CF2D00CB15A9 /* AppDelegate.swift */; };
		520954B62149CF2D00CB15A9 /* ViewController.swift in Sources */ = {isa = PBXBuildFile; fileRef = 520954B52149CF2D00CB15A9 /* ViewController.swift */; };
		520954B92149CF2D00CB15A9 /* Main.storyboard in Resources */ = {isa = PBXBuildFile; fileRef = 520954B72149CF2D00CB15A9 /* Main.storyboard */; };
		520954BB2149CF3100CB15A9 /* Assets.xcassets in Resources */ = {isa = PBXBuildFile; fileRef = 520954BA2149CF3100CB15A9 /* Assets.xcassets */; };
		520954BE2149CF3100CB15A9 /* LaunchScreen.storyboard in Resources */ = {isa = PBXBuildFile; fileRef = 520954BC2149CF3100CB15A9 /* LaunchScreen.storyboard */; };
/* End PBXBuildFile section */

/* Begin PBXFileReference section */
		520954B02149CF2D00CB15A9 /* My First Project.app */ = {isa = PBXFileReference; explicitFileType = wrapper.application; includeInIndex = 0; path = "My First Project.app"; sourceTree = BUILT_PRODUCTS_DIR; };
		520954B32149CF2D00CB15A9 /* AppDelegate.swift */ = {isa = PBXFileReference; lastKnownFileType = sourcecode.swift; path = AppDelegate.swift; sourceTree = "<group>"; };
		520954B52149CF2D00CB15A9 /* ViewController.swift */ = {isa = PBXFileReference; lastKnownFileType = sourcecode.swift; path = ViewController.swift; sourceTree = "<group>"; };
		520954B82149CF2D00CB15A9 /* Base */ = {isa = PBXFileReference; lastKnownFileType = file.storyboard; name = Base; path = Base.lproj/Main.storyboard; sourceTree = "<group>"; };
		520954BA2149CF3100CB15A9 /* Assets.xcassets */ = {isa = PBXFileReference; lastKnownFileType = folder.assetcatalog; path = Assets.xcassets; sourceTree = "<group>"; };
		520954BD2149CF3100CB15A9 /* Base */ = {isa = PBXFileReference; lastKnownFileType = file.storyboard; name = Base; path = Base.lproj/LaunchScreen.storyboard; sourceTree = "<group>"; };
		520954BF2149CF3100CB15A9 /* Info.plist */ = {isa = PBXFileReference; lastKnownFileType = text.plist.xml; path = Info.plist; sourceTree = "<group>"; };
/* End PBXFileReference section */

/* Begin PBXFrameworksBuildPhase section */
		520954AD2149CF2D00CB15A9 /* Frameworks */ = {
			isa = PBXFrameworksBuildPhase;
			buildActionMask = 2147483647;
			files = (
			);
			runOnlyForDeploymentPostprocessing = 0;
		};
/* End PBXFrameworksBuildPhase section */

/* Begin PBXGroup section */
		520954A72149CF2D00CB15A9 = {
			isa = PBXGroup;
			children = (
				520954B22149CF2D00CB15A9 /* My First Project */,
				520954B12149CF2D00CB15A9 /* Products */,
			);
			sourceTree = "<group>";
		};
		520954B12149CF2D00CB15A9 /* Products */ = {
			isa = PBXGroup;
			children = (
				520954B02149CF2D00CB15A9 /* My First Project.app */,
			);
			name = Products;
			sourceTree = "<group>";
		};
		520954B22149CF2D00CB15A9 /* My First Project */ = {
			isa = PBXGroup;
			children = (
				520954B32149CF2D00CB15A9 /* AppDelegate.swift */,
				520954B52149CF2D00CB15A9 /* ViewController.swift */,
				520954B72149CF2D00CB15A9 /* Main.storyboard */,
				520954BA2149CF3100CB15A9 /* Assets.xcassets */,
				520954BC2149CF3100CB15A9 /* LaunchScreen.storyboard */,
				520954BF2149CF3100CB15A9 /* Info.plist */,
			);
			path = "My First Project";
			sourceTree = "<group>";
		};
/* End PBXGroup section */

/* Begin PBXNativeTarget section */
		520954AF2149CF2D00CB15A9 /* My First Project */ = {
			isa = PBXNativeTarget;
			buildConfigurationList = 520954C22149CF3100CB15A9 /* Build configuration list for PBXNativeTarget "My First Project" */;
			buildPhases = (
				520954AC2149CF2D00CB15A9 /* Sources */,
				520954AD2149CF2D00CB15A9 /* Frameworks */,
				520954AE2149CF2D00CB15A9 /* Resources */,
			);
			buildRules = (
			);
			dependencies = (
			);
			name = "My First Project";
			productName = "My First Project";
			productReference = 520954B02149CF2D00CB15A9 /* My First Project.app */;
			productType = "com.apple.product-type.application";
		};
/* End PBXNativeTarget section */

/* Begin PBXProject section */
		520954A82149CF2D00CB15A9 /* Project object */ = {
			isa = PBXProject;
			attributes = {
				LastSwiftUpdateCheck = 1000;
				LastUpgradeCheck = 1000;
				ORGANIZATIONNAME = "Todd Perkins";
				TargetAttributes = {
					520954AF2149CF2D00CB15A9 = {
						CreatedOnToolsVersion = 10.0;
					};
				};
			};
			buildConfigurationList = 520954AB2149CF2D00CB15A9 /* Build configuration list for PBXProject "My First Project" */;
			compatibilityVersion = "Xcode 9.3";
			developmentRegion = en;
			hasScannedForEncodings = 0;
			knownRegions = (
				en,
				Base,
			);
			mainGroup = 520954A72149CF2D00CB15A9;
			productRefGroup = 520954B12149CF2D00CB15A9 /* Products */;
			projectDirPath = "";
			projectRoot = "";
			targets = (
				520954AF2149CF2D00CB15A9 /* My First Project */,
			);
		};
/* End PBXProject section */

/* Begin PBXResourcesBuildPhase section */
		520954AE2149CF2D00CB15A9 /* Resources */ = {
			isa = PBXResourcesBuildPhase;
			buildActionMask = 2147483647;
			files = (
				520954BE2149CF3100CB15A9 /* LaunchScreen.storyboard in Resources */,
				520954BB2149CF3100CB15A9 /* Assets.xcassets in Resources */,
				520954B92149CF2D00CB15A9 /* Main.storyboard in Resources */,
			);
			runOnlyForDeploymentPostprocessing = 0;
		};
/* End PBXResourcesBuildPhase section */

/* Begin PBXSourcesBuildPhase section */
		520954AC2149CF2D00CB15A9 /* Sources */ = {
			isa = PBXSourcesBuildPhase;
			buildActionMask = 2147483647;
			files = (
				520954B62149CF2D00CB15A9 /* ViewController.swift in Sources */,
				520954B42149CF2D00CB15A9 /* AppDelegate.swift in Sources */,
			);
			runOnlyForDeploymentPostprocessing = 0;
		};
/* End PBXSourcesBuildPhase section */

/* Begin PBXVariantGroup section */
		520954B72149CF2D00CB15A9 /* Main.storyboard */ = {
			isa = PBXVariantGroup;
			children = (
				520954B82149CF2D00CB15A9 /* Base */,
			);
			name = Main.storyboard;
			sourceTree = "<group>";
		};
		520954BC2149CF3100CB15A9 /* LaunchScreen.storyboard */ = {
			isa = PBXVariantGroup;
			children = (
				520954BD2149CF3100CB15A9 /* Base */,
			);
			name = LaunchScreen.storyboard;
			sourceTree = "<group>";
		};
/* End PBXVariantGroup section */

/* Begin XCBuildConfiguration section */
		520954C02149CF3100CB15A9 /* Debug */ = {
			isa = XCBuildConfiguration;
			buildSettings = {
				ALWAYS_SEARCH_USER_PATHS = NO;
				CLANG_ANALYZER_NONNULL = YES;
				CLANG_ANALYZER_NUMBER_OBJECT_CONVERSION = YES_AGGRESSIVE;
				CLANG_CXX_LANGUAGE_STANDARD = "gnu++14";
				CLANG_CXX_LIBRARY = "libc++";
				CLANG_ENABLE_MODULES = YES;
				CLANG_ENABLE_OBJC_ARC = YES;
				CLANG_ENABLE_OBJC_WEAK = YES;
				CLANG_WARN_BLOCK_CAPTURE_AUTORELEASING = YES;
				CLANG_WARN_BOOL_CONVERSION = YES;
				CLANG_WARN_COMMA = YES;
				CLANG_WARN_CONSTANT_CONVERSION = YES;
				CLANG_WARN_DEPRECATED_OBJC_IMPLEMENTATIONS = YES;
				CLANG_WARN_DIRECT_OBJC_ISA_USAGE = YES_ERROR;
				CLANG_WARN_DOCUMENTATION_COMMENTS = YES;
				CLANG_WARN_EMPTY_BODY = YES;
				CLANG_WARN_ENUM_CONVERSION = YES;
				CLANG_WARN_INFINITE_RECURSION = YES;
				CLANG_WARN_INT_CONVERSION = YES;
				CLANG_WARN_NON_LITERAL_NULL_CONVERSION = YES;
				CLANG_WARN_OBJC_IMPLICIT_RETAIN_SELF = YES;
				CLANG_WARN_OBJC_LITERAL_CONVERSION = YES;
				CLANG_WARN_OBJC_ROOT_CLASS = YES_ERROR;
				CLANG_WARN_RANGE_LOOP_ANALYSIS = YES;
				CLANG_WARN_STRICT_PROTOTYPES = YES;
				CLANG_WARN_SUSPICIOUS_MOVE = YES;
				CLANG_WARN_UNGUARDED_AVAILABILITY = YES_AGGRESSIVE;
				CLANG_WARN_UNREACHABLE_CODE = YES;
				CLANG_WARN__DUPLICATE_METHOD_MATCH = YES;
				CODE_SIGN_IDENTITY = "iPhone Developer";
				COPY_PHASE_STRIP = NO;
				DEBUG_INFORMATION_FORMAT = dwarf;
				ENABLE_STRICT_OBJC_MSGSEND = YES;
				ENABLE_TESTABILITY = YES;
				GCC_C_LANGUAGE_STANDARD = gnu11;
				GCC_DYNAMIC_NO_PIC = NO;
				GCC_NO_COMMON_BLOCKS = YES;
				GCC_OPTIMIZATION_LEVEL = 0;
				GCC_PREPROCESSOR_DEFINITIONS = (
					"DEBUG=1",
					"$(inherited)",
				);
				GCC_WARN_64_TO_32_BIT_CONVERSION = YES;
				GCC_WARN_ABOUT_RETURN_TYPE = YES_ERROR;
				GCC_WARN_UNDECLARED_SELECTOR = YES;
				GCC_WARN_UNINITIALIZED_AUTOS = YES_AGGRESSIVE;
				GCC_WARN_UNUSED_FUNCTION = YES;
				GCC_WARN_UNUSED_VARIABLE = YES;
				IPHONEOS_DEPLOYMENT_TARGET = 12.0;
				MTL_ENABLE_DEBUG_INFO = INCLUDE_SOURCE;
				MTL_FAST_MATH = YES;
				ONLY_ACTIVE_ARCH = YES;
				SDKROOT = iphoneos;
				SWIFT_ACTIVE_COMPILATION_CONDITIONS = DEBUG;
				SWIFT_OPTIMIZATION_LEVEL = "-Onone";
			};
			name = Debug;
		};
		520954C12149CF3100CB15A9 /* Release */ = {
			isa = XCBuildConfiguration;
			buildSettings = {
				ALWAYS_SEARCH_USER_PATHS = NO;
				CLANG_ANALYZER_NONNULL = YES;
				CLANG_ANALYZER_NUMBER_OBJECT_CONVERSION = YES_AGGRESSIVE;
				CLANG_CXX_LANGUAGE_STANDARD = "gnu++14";
				CLANG_CXX_LIBRARY = "libc++";
				CLANG_ENABLE_MODULES = YES;
				CLANG_ENABLE_OBJC_ARC = YES;
				CLANG_ENABLE_OBJC_WEAK = YES;
				CLANG_WARN_BLOCK_CAPTURE_AUTORELEASING = YES;
				CLANG_WARN_BOOL_CONVERSION = YES;
				CLANG_WARN_COMMA = YES;
				CLANG_WARN_CONSTANT_CONVERSION = YES;
				CLANG_WARN_DEPRECATED_OBJC_IMPLEMENTATIONS = YES;
				CLANG_WARN_DIRECT_OBJC_ISA_USAGE = YES_ERROR;
				CLANG_WARN_DOCUMENTATION_COMMENTS = YES;
				CLANG_WARN_EMPTY_BODY = YES;
				CLANG_WARN_ENUM_CONVERSION = YES;
				CLANG_WARN_INFINITE_RECURSION = YES;
				CLANG_WARN_INT_CONVERSION = YES;
				CLANG_WARN_NON_LITERAL_NULL_CONVERSION = YES;
				CLANG_WARN_OBJC_IMPLICIT_RETAIN_SELF = YES;
				CLANG_WARN_OBJC_LITERAL_CONVERSION = YES;
				CLANG_WARN_OBJC_ROOT_CLASS = YES_ERROR;
				CLANG_WARN_RANGE_LOOP_ANALYSIS = YES;
				CLANG_WARN_STRICT_PROTOTYPES = YES;
				CLANG_WARN_SUSPICIOUS_MOVE = YES;
				CLANG_WARN_UNGUARDED_AVAILABILITY = YES_AGGRESSIVE;
				CLANG_WARN_UNREACHABLE_CODE = YES;
				CLANG_WARN__DUPLICATE_METHOD_MATCH = YES;
				CODE_SIGN_IDENTITY = "iPhone Developer";
				COPY_PHASE_STRIP = NO;
				DEBUG_INFORMATION_FORMAT = "dwarf-with-dsym";
				ENABLE_NS_ASSERTIONS = NO;
				ENABLE_STRICT_OBJC_MSGSEND = YES;
				GCC_C_LANGUAGE_STANDARD = gnu11;
				GCC_NO_COMMON_BLOCKS = YES;
				GCC_WARN_64_TO_32_BIT_CONVERSION = YES;
				GCC_WARN_ABOUT_RETURN_TYPE = YES_ERROR;
				GCC_WARN_UNDECLARED_SELECTOR = YES;
				GCC_WARN_UNINITIALIZED_AUTOS = YES_AGGRESSIVE;
				GCC_WARN_UNUSED_FUNCTION = YES;
				GCC_WARN_UNUSED_VARIABLE = YES;
				IPHONEOS_DEPLOYMENT_TARGET = 12.0;
				MTL_ENABLE_DEBUG_INFO = NO;
				MTL_FAST_MATH = YES;
				SDKROOT = iphoneos;
				SWIFT_COMPILATION_MODE = wholemodule;
				SWIFT_OPTIMIZATION_LEVEL = "-O";
				VALIDATE_PRODUCT = YES;
			};
			name = Release;
		};
		520954C32149CF3100CB15A9 /* Debug */ = {
			isa = XCBuildConfiguration;
			buildSettings = {
				ASSETCATALOG_COMPILER_APPICON_NAME = AppIcon;
				CODE_SIGN_STYLE = Automatic;
				DEVELOPMENT_TEAM = 645DPB2K5W;
				INFOPLIST_FILE = "My First Project/Info.plist";
				LD_RUNPATH_SEARCH_PATHS = (
					"$(inherited)",
					"@executable_path/Frameworks",
				);
				PRODUCT_BUNDLE_IDENTIFIER = "com.toddperkins.My-First-Project";
				PRODUCT_NAME = "$(TARGET_NAME)";
				SWIFT_VERSION = 4.2;
				TARGETED_DEVICE_FAMILY = "1,2";
			};
			name = Debug;
		};
		520954C42149CF3100CB15A9 /* Release */ = {
			isa = XCBuildConfiguration;
			buildSettings = {
				ASSETCATALOG_COMPILER_APPICON_NAME = AppIcon;
				CODE_SIGN_STYLE = Automatic;
				DEVELOPMENT_TEAM = 645DPB2K5W;
				INFOPLIST_FILE = "My First Project/Info.plist";
				LD_RUNPATH_SEARCH_PATHS = (
					"$(inherited)",
					"@executable_path/Frameworks",
				);
				PRODUCT_BUNDLE_IDENTIFIER = "com.toddperkins.My-First-Project";
				PRODUCT_NAME = "$(TARGET_NAME)";
				SWIFT_VERSION = 4.2;
				TARGETED_DEVICE_FAMILY = "1,2";
			};
			name = Release;
		};
/* End XCBuildConfiguration section */

/* Begin XCConfigurationList section */
		520954AB2149CF2D00CB15A9 /* Build configuration list for PBXProject "My First Project" */ = {
			isa = XCConfigurationList;
			buildConfigurations = (
				520954C02149CF3100CB15A9 /* Debug */,
				520954C12149CF3100CB15A9 /* Release */,
			);
			defaultConfigurationIsVisible = 0;
			defaultConfigurationName = Release;
		};
		520954C22149CF3100CB15A9 /* Build configuration list for PBXNativeTarget "My First Project" */ = {
			isa = XCConfigurationList;
			buildConfigurations = (
				520954C32149CF3100CB15A9 /* Debug */,
				520954C42149CF3100CB15A9 /* Release */,
			);
			defaultConfigurationIsVisible = 0;
			defaultConfigurationName = Release;
		};
/* End XCConfigurationList section */
	};
	rootObject = 520954A82149CF2D00CB15A9 /* Project object */;
}
