// !$*UTF8*$!
{
	archiveVersion = 1;
	classes = {
	};
	objectVersion = 50;
	objects = {

/* Begin PBXBuildFile section */
		5211F1672166D7E400EF1B27 /* AppDelegate.swift in Sources */ = {isa = PBXBuildFile; fileRef = 5211F1662166D7E400EF1B27 /* AppDelegate.swift */; };
		5211F1692166D7E400EF1B27 /* ViewController.swift in Sources */ = {isa = PBXBuildFile; fileRef = 5211F1682166D7E400EF1B27 /* ViewController.swift */; };
		5211F16C2166D7E400EF1B27 /* Main.storyboard in Resources */ = {isa = PBXBuildFile; fileRef = 5211F16A2166D7E400EF1B27 /* Main.storyboard */; };
		5211F16E2166D7E700EF1B27 /* Assets.xcassets in Resources */ = {isa = PBXBuildFile; fileRef = 5211F16D2166D7E700EF1B27 /* Assets.xcassets */; };
		5211F1712166D7E700EF1B27 /* LaunchScreen.storyboard in Resources */ = {isa = PBXBuildFile; fileRef = 5211F16F2166D7E700EF1B27 /* LaunchScreen.storyboard */; };
		5211F1792166D88100EF1B27 /* Person.swift in Sources */ = {isa = PBXBuildFile; fileRef = 5211F1782166D88000EF1B27 /* Person.swift */; };
		5211F1812166D96800EF1B27 /* TestingTests.swift in Sources */ = {isa = PBXBuildFile; fileRef = 5211F1802166D96800EF1B27 /* TestingTests.swift */; };
		5211F1882166D9BB00EF1B27 /* Person.swift in Sources */ = {isa = PBXBuildFile; fileRef = 5211F1782166D88000EF1B27 /* Person.swift */; };
/* End PBXBuildFile section */

/* Begin PBXContainerItemProxy section */
		5211F1832166D96800EF1B27 /* PBXContainerItemProxy */ = {
			isa = PBXContainerItemProxy;
			containerPortal = 5211F15B2166D7E300EF1B27 /* Project object */;
			proxyType = 1;
			remoteGlobalIDString = 5211F1622166D7E300EF1B27;
			remoteInfo = Testing;
		};
/* End PBXContainerItemProxy section */

/* Begin PBXFileReference section */
		5211F1632166D7E300EF1B27 /* Testing.app */ = {isa = PBXFileReference; explicitFileType = wrapper.application; includeInIndex = 0; path = Testing.app; sourceTree = BUILT_PRODUCTS_DIR; };
		5211F1662166D7E400EF1B27 /* AppDelegate.swift */ = {isa = PBXFileReference; lastKnownFileType = sourcecode.swift; path = AppDelegate.swift; sourceTree = "<group>"; };
		5211F1682166D7E400EF1B27 /* ViewController.swift */ = {isa = PBXFileReference; lastKnownFileType = sourcecode.swift; path = ViewController.swift; sourceTree = "<group>"; };
		5211F16B2166D7E400EF1B27 /* Base */ = {isa = PBXFileReference; lastKnownFileType = file.storyboard; name = Base; path = Base.lproj/Main.storyboard; sourceTree = "<group>"; };
		5211F16D2166D7E700EF1B27 /* Assets.xcassets */ = {isa = PBXFileReference; lastKnownFileType = folder.assetcatalog; path = Assets.xcassets; sourceTree = "<group>"; };
		5211F1702166D7E700EF1B27 /* Base */ = {isa = PBXFileReference; lastKnownFileType = file.storyboard; name = Base; path = Base.lproj/LaunchScreen.storyboard; sourceTree = "<group>"; };
		5211F1722166D7E700EF1B27 /* Info.plist */ = {isa = PBXFileReference; lastKnownFileType = text.plist.xml; path = Info.plist; sourceTree = "<group>"; };
		5211F1782166D88000EF1B27 /* Person.swift */ = {isa = PBXFileReference; lastKnownFileType = sourcecode.swift; path = Person.swift; sourceTree = "<group>"; };
		5211F17E2166D96700EF1B27 /* TestingTests.xctest */ = {isa = PBXFileReference; explicitFileType = wrapper.cfbundle; includeInIndex = 0; path = TestingTests.xctest; sourceTree = BUILT_PRODUCTS_DIR; };
		5211F1802166D96800EF1B27 /* TestingTests.swift */ = {isa = PBXFileReference; lastKnownFileType = sourcecode.swift; path = TestingTests.swift; sourceTree = "<group>"; };
		5211F1822166D96800EF1B27 /* Info.plist */ = {isa = PBXFileReference; lastKnownFileType = text.plist.xml; path = Info.plist; sourceTree = "<group>"; };
/* End PBXFileReference section */

/* Begin PBXFrameworksBuildPhase section */
		5211F1602166D7E300EF1B27 /* Frameworks */ = {
			isa = PBXFrameworksBuildPhase;
			buildActionMask = 2147483647;
			files = (
			);
			runOnlyForDeploymentPostprocessing = 0;
		};
		5211F17B2166D96700EF1B27 /* Frameworks */ = {
			isa = PBXFrameworksBuildPhase;
			buildActionMask = 2147483647;
			files = (
			);
			runOnlyForDeploymentPostprocessing = 0;
		};
/* End PBXFrameworksBuildPhase section */

/* Begin PBXGroup section */
		5211F15A2166D7E300EF1B27 = {
			isa = PBXGroup;
			children = (
				5211F1652166D7E400EF1B27 /* Testing */,
				5211F17F2166D96800EF1B27 /* TestingTests */,
				5211F1642166D7E300EF1B27 /* Products */,
			);
			sourceTree = "<group>";
		};
		5211F1642166D7E300EF1B27 /* Products */ = {
			isa = PBXGroup;
			children = (
				5211F1632166D7E300EF1B27 /* Testing.app */,
				5211F17E2166D96700EF1B27 /* TestingTests.xctest */,
			);
			name = Products;
			sourceTree = "<group>";
		};
		5211F1652166D7E400EF1B27 /* Testing */ = {
			isa = PBXGroup;
			children = (
				5211F1662166D7E400EF1B27 /* AppDelegate.swift */,
				5211F1682166D7E400EF1B27 /* ViewController.swift */,
				5211F1782166D88000EF1B27 /* Person.swift */,
				5211F16A2166D7E400EF1B27 /* Main.storyboard */,
				5211F16D2166D7E700EF1B27 /* Assets.xcassets */,
				5211F16F2166D7E700EF1B27 /* LaunchScreen.storyboard */,
				5211F1722166D7E700EF1B27 /* Info.plist */,
			);
			path = Testing;
			sourceTree = "<group>";
		};
		5211F17F2166D96800EF1B27 /* TestingTests */ = {
			isa = PBXGroup;
			children = (
				5211F1802166D96800EF1B27 /* TestingTests.swift */,
				5211F1822166D96800EF1B27 /* Info.plist */,
			);
			path = TestingTests;
			sourceTree = "<group>";
		};
/* End PBXGroup section */

/* Begin PBXNativeTarget section */
		5211F1622166D7E300EF1B27 /* Testing */ = {
			isa = PBXNativeTarget;
			buildConfigurationList = 5211F1752166D7E700EF1B27 /* Build configuration list for PBXNativeTarget "Testing" */;
			buildPhases = (
				5211F15F2166D7E300EF1B27 /* Sources */,
				5211F1602166D7E300EF1B27 /* Frameworks */,
				5211F1612166D7E300EF1B27 /* Resources */,
			);
			buildRules = (
			);
			dependencies = (
			);
			name = Testing;
			productName = Testing;
			productReference = 5211F1632166D7E300EF1B27 /* Testing.app */;
			productType = "com.apple.product-type.application";
		};
		5211F17D2166D96700EF1B27 /* TestingTests */ = {
			isa = PBXNativeTarget;
			buildConfigurationList = 5211F1852166D96800EF1B27 /* Build configuration list for PBXNativeTarget "TestingTests" */;
			buildPhases = (
				5211F17A2166D96700EF1B27 /* Sources */,
				5211F17B2166D96700EF1B27 /* Frameworks */,
				5211F17C2166D96700EF1B27 /* Resources */,
			);
			buildRules = (
			);
			dependencies = (
				5211F1842166D96800EF1B27 /* PBXTargetDependency */,
			);
			name = TestingTests;
			productName = TestingTests;
			productReference = 5211F17E2166D96700EF1B27 /* TestingTests.xctest */;
			productType = "com.apple.product-type.bundle.unit-test";
		};
/* End PBXNativeTarget section */

/* Begin PBXProject section */
		5211F15B2166D7E300EF1B27 /* Project object */ = {
			isa = PBXProject;
			attributes = {
				LastSwiftUpdateCheck = 1000;
				LastUpgradeCheck = 1000;
				ORGANIZATIONNAME = "Todd Perkins";
				TargetAttributes = {
					5211F1622166D7E300EF1B27 = {
						CreatedOnToolsVersion = 10.0;
					};
					5211F17D2166D96700EF1B27 = {
						CreatedOnToolsVersion = 10.0;
						TestTargetID = 5211F1622166D7E300EF1B27;
					};
				};
			};
			buildConfigurationList = 5211F15E2166D7E300EF1B27 /* Build configuration list for PBXProject "Testing" */;
			compatibilityVersion = "Xcode 9.3";
			developmentRegion = en;
			hasScannedForEncodings = 0;
			knownRegions = (
				en,
				Base,
			);
			mainGroup = 5211F15A2166D7E300EF1B27;
			productRefGroup = 5211F1642166D7E300EF1B27 /* Products */;
			projectDirPath = "";
			projectRoot = "";
			targets = (
				5211F1622166D7E300EF1B27 /* Testing */,
				5211F17D2166D96700EF1B27 /* TestingTests */,
			);
		};
/* End PBXProject section */

/* Begin PBXResourcesBuildPhase section */
		5211F1612166D7E300EF1B27 /* Resources */ = {
			isa = PBXResourcesBuildPhase;
			buildActionMask = 2147483647;
			files = (
				5211F1712166D7E700EF1B27 /* LaunchScreen.storyboard in Resources */,
				5211F16E2166D7E700EF1B27 /* Assets.xcassets in Resources */,
				5211F16C2166D7E400EF1B27 /* Main.storyboard in Resources */,
			);
			runOnlyForDeploymentPostprocessing = 0;
		};
		5211F17C2166D96700EF1B27 /* Resources */ = {
			isa = PBXResourcesBuildPhase;
			buildActionMask = 2147483647;
			files = (
			);
			runOnlyForDeploymentPostprocessing = 0;
		};
/* End PBXResourcesBuildPhase section */

/* Begin PBXSourcesBuildPhase section */
		5211F15F2166D7E300EF1B27 /* Sources */ = {
			isa = PBXSourcesBuildPhase;
			buildActionMask = 2147483647;
			files = (
				5211F1792166D88100EF1B27 /* Person.swift in Sources */,
				5211F1692166D7E400EF1B27 /* ViewController.swift in Sources */,
				5211F1672166D7E400EF1B27 /* AppDelegate.swift in Sources */,
			);
			runOnlyForDeploymentPostprocessing = 0;
		};
		5211F17A2166D96700EF1B27 /* Sources */ = {
			isa = PBXSourcesBuildPhase;
			buildActionMask = 2147483647;
			files = (
				5211F1882166D9BB00EF1B27 /* Person.swift in Sources */,
				5211F1812166D96800EF1B27 /* TestingTests.swift in Sources */,
			);
			runOnlyForDeploymentPostprocessing = 0;
		};
/* End PBXSourcesBuildPhase section */

/* Begin PBXTargetDependency section */
		5211F1842166D96800EF1B27 /* PBXTargetDependency */ = {
			isa = PBXTargetDependency;
			target = 5211F1622166D7E300EF1B27 /* Testing */;
			targetProxy = 5211F1832166D96800EF1B27 /* PBXContainerItemProxy */;
		};
/* End PBXTargetDependency section */

/* Begin PBXVariantGroup section */
		5211F16A2166D7E400EF1B27 /* Main.storyboard */ = {
			isa = PBXVariantGroup;
			children = (
				5211F16B2166D7E400EF1B27 /* Base */,
			);
			name = Main.storyboard;
			sourceTree = "<group>";
		};
		5211F16F2166D7E700EF1B27 /* LaunchScreen.storyboard */ = {
			isa = PBXVariantGroup;
			children = (
				5211F1702166D7E700EF1B27 /* Base */,
			);
			name = LaunchScreen.storyboard;
			sourceTree = "<group>";
		};
/* End PBXVariantGroup section */

/* Begin XCBuildConfiguration section */
		5211F1732166D7E700EF1B27 /* Debug */ = {
			isa = XCBuildConfiguration;
			buildSettings = {
				ALWAYS_SEARCH_USER_PATHS = NO;
				CLANG_ANALYZER_NONNULL = YES;
				CLANG_ANALYZER_NUMBER_OBJECT_CONVERSION = YES_AGGRESSIVE;
				CLANG_CXX_LANGUAGE_STANDARD = "gnu++14";
				CLANG_CXX_LIBRARY = "libc++";
				CLANG_ENABLE_MODULES = YES;
				CLANG_ENABLE_OBJC_ARC = YES;
				CLANG_ENABLE_OBJC_WEAK = YES;
				CLANG_WARN_BLOCK_CAPTURE_AUTORELEASING = YES;
				CLANG_WARN_BOOL_CONVERSION = YES;
				CLANG_WARN_COMMA = YES;
				CLANG_WARN_CONSTANT_CONVERSION = YES;
				CLANG_WARN_DEPRECATED_OBJC_IMPLEMENTATIONS = YES;
				CLANG_WARN_DIRECT_OBJC_ISA_USAGE = YES_ERROR;
				CLANG_WARN_DOCUMENTATION_COMMENTS = YES;
				CLANG_WARN_EMPTY_BODY = YES;
				CLANG_WARN_ENUM_CONVERSION = YES;
				CLANG_WARN_INFINITE_RECURSION = YES;
				CLANG_WARN_INT_CONVERSION = YES;
				CLANG_WARN_NON_LITERAL_NULL_CONVERSION = YES;
				CLANG_WARN_OBJC_IMPLICIT_RETAIN_SELF = YES;
				CLANG_WARN_OBJC_LITERAL_CONVERSION = YES;
				CLANG_WARN_OBJC_ROOT_CLASS = YES_ERROR;
				CLANG_WARN_RANGE_LOOP_ANALYSIS = YES;
				CLANG_WARN_STRICT_PROTOTYPES = YES;
				CLANG_WARN_SUSPICIOUS_MOVE = YES;
				CLANG_WARN_UNGUARDED_AVAILABILITY = YES_AGGRESSIVE;
				CLANG_WARN_UNREACHABLE_CODE = YES;
				CLANG_WARN__DUPLICATE_METHOD_MATCH = YES;
				CODE_SIGN_IDENTITY = "iPhone Developer";
				COPY_PHASE_STRIP = NO;
				DEBUG_INFORMATION_FORMAT = dwarf;
				ENABLE_STRICT_OBJC_MSGSEND = YES;
				ENABLE_TESTABILITY = YES;
				GCC_C_LANGUAGE_STANDARD = gnu11;
				GCC_DYNAMIC_NO_PIC = NO;
				GCC_NO_COMMON_BLOCKS = YES;
				GCC_OPTIMIZATION_LEVEL = 0;
				GCC_PREPROCESSOR_DEFINITIONS = (
					"DEBUG=1",
					"$(inherited)",
				);
				GCC_WARN_64_TO_32_BIT_CONVERSION = YES;
				GCC_WARN_ABOUT_RETURN_TYPE = YES_ERROR;
				GCC_WARN_UNDECLARED_SELECTOR = YES;
				GCC_WARN_UNINITIALIZED_AUTOS = YES_AGGRESSIVE;
				GCC_WARN_UNUSED_FUNCTION = YES;
				GCC_WARN_UNUSED_VARIABLE = YES;
				IPHONEOS_DEPLOYMENT_TARGET = 12.0;
				MTL_ENABLE_DEBUG_INFO = INCLUDE_SOURCE;
				MTL_FAST_MATH = YES;
				ONLY_ACTIVE_ARCH = YES;
				SDKROOT = iphoneos;
				SWIFT_ACTIVE_COMPILATION_CONDITIONS = DEBUG;
				SWIFT_OPTIMIZATION_LEVEL = "-Onone";
			};
			name = Debug;
		};
		5211F1742166D7E700EF1B27 /* Release */ = {
			isa = XCBuildConfiguration;
			buildSettings = {
				ALWAYS_SEARCH_USER_PATHS = NO;
				CLANG_ANALYZER_NONNULL = YES;
				CLANG_ANALYZER_NUMBER_OBJECT_CONVERSION = YES_AGGRESSIVE;
				CLANG_CXX_LANGUAGE_STANDARD = "gnu++14";
				CLANG_CXX_LIBRARY = "libc++";
				CLANG_ENABLE_MODULES = YES;
				CLANG_ENABLE_OBJC_ARC = YES;
				CLANG_ENABLE_OBJC_WEAK = YES;
				CLANG_WARN_BLOCK_CAPTURE_AUTORELEASING = YES;
				CLANG_WARN_BOOL_CONVERSION = YES;
				CLANG_WARN_COMMA = YES;
				CLANG_WARN_CONSTANT_CONVERSION = YES;
				CLANG_WARN_DEPRECATED_OBJC_IMPLEMENTATIONS = YES;
				CLANG_WARN_DIRECT_OBJC_ISA_USAGE = YES_ERROR;
				CLANG_WARN_DOCUMENTATION_COMMENTS = YES;
				CLANG_WARN_EMPTY_BODY = YES;
				CLANG_WARN_ENUM_CONVERSION = YES;
				CLANG_WARN_INFINITE_RECURSION = YES;
				CLANG_WARN_INT_CONVERSION = YES;
				CLANG_WARN_NON_LITERAL_NULL_CONVERSION = YES;
				CLANG_WARN_OBJC_IMPLICIT_RETAIN_SELF = YES;
				CLANG_WARN_OBJC_LITERAL_CONVERSION = YES;
				CLANG_WARN_OBJC_ROOT_CLASS = YES_ERROR;
				CLANG_WARN_RANGE_LOOP_ANALYSIS = YES;
				CLANG_WARN_STRICT_PROTOTYPES = YES;
				CLANG_WARN_SUSPICIOUS_MOVE = YES;
				CLANG_WARN_UNGUARDED_AVAILABILITY = YES_AGGRESSIVE;
				CLANG_WARN_UNREACHABLE_CODE = YES;
				CLANG_WARN__DUPLICATE_METHOD_MATCH = YES;
				CODE_SIGN_IDENTITY = "iPhone Developer";
				COPY_PHASE_STRIP = NO;
				DEBUG_INFORMATION_FORMAT = "dwarf-with-dsym";
				ENABLE_NS_ASSERTIONS = NO;
				ENABLE_STRICT_OBJC_MSGSEND = YES;
				GCC_C_LANGUAGE_STANDARD = gnu11;
				GCC_NO_COMMON_BLOCKS = YES;
				GCC_WARN_64_TO_32_BIT_CONVERSION = YES;
				GCC_WARN_ABOUT_RETURN_TYPE = YES_ERROR;
				GCC_WARN_UNDECLARED_SELECTOR = YES;
				GCC_WARN_UNINITIALIZED_AUTOS = YES_AGGRESSIVE;
				GCC_WARN_UNUSED_FUNCTION = YES;
				GCC_WARN_UNUSED_VARIABLE = YES;
				IPHONEOS_DEPLOYMENT_TARGET = 12.0;
				MTL_ENABLE_DEBUG_INFO = NO;
				MTL_FAST_MATH = YES;
				SDKROOT = iphoneos;
				SWIFT_COMPILATION_MODE = wholemodule;
				SWIFT_OPTIMIZATION_LEVEL = "-O";
				VALIDATE_PRODUCT = YES;
			};
			name = Release;
		};
		5211F1762166D7E700EF1B27 /* Debug */ = {
			isa = XCBuildConfiguration;
			buildSettings = {
				ASSETCATALOG_COMPILER_APPICON_NAME = AppIcon;
				CODE_SIGN_STYLE = Automatic;
				DEVELOPMENT_TEAM = 645DPB2K5W;
				INFOPLIST_FILE = Testing/Info.plist;
				LD_RUNPATH_SEARCH_PATHS = (
					"$(inherited)",
					"@executable_path/Frameworks",
				);
				PRODUCT_BUNDLE_IDENTIFIER = com.toddperkins.Testing;
				PRODUCT_NAME = "$(TARGET_NAME)";
				SWIFT_VERSION = 4.2;
				TARGETED_DEVICE_FAMILY = "1,2";
			};
			name = Debug;
		};
		5211F1772166D7E700EF1B27 /* Release */ = {
			isa = XCBuildConfiguration;
			buildSettings = {
				ASSETCATALOG_COMPILER_APPICON_NAME = AppIcon;
				CODE_SIGN_STYLE = Automatic;
				DEVELOPMENT_TEAM = 645DPB2K5W;
				INFOPLIST_FILE = Testing/Info.plist;
				LD_RUNPATH_SEARCH_PATHS = (
					"$(inherited)",
					"@executable_path/Frameworks",
				);
				PRODUCT_BUNDLE_IDENTIFIER = com.toddperkins.Testing;
				PRODUCT_NAME = "$(TARGET_NAME)";
				SWIFT_VERSION = 4.2;
				TARGETED_DEVICE_FAMILY = "1,2";
			};
			name = Release;
		};
		5211F1862166D96800EF1B27 /* Debug */ = {
			isa = XCBuildConfiguration;
			buildSettings = {
				BUNDLE_LOADER = "$(TEST_HOST)";
				CODE_SIGN_STYLE = Automatic;
				DEVELOPMENT_TEAM = 645DPB2K5W;
				INFOPLIST_FILE = TestingTests/Info.plist;
				LD_RUNPATH_SEARCH_PATHS = (
					"$(inherited)",
					"@executable_path/Frameworks",
					"@loader_path/Frameworks",
				);
				PRODUCT_BUNDLE_IDENTIFIER = com.toddperkins.TestingTests;
				PRODUCT_NAME = "$(TARGET_NAME)";
				SWIFT_VERSION = 4.2;
				TARGETED_DEVICE_FAMILY = "1,2";
				TEST_HOST = "$(BUILT_PRODUCTS_DIR)/Testing.app/Testing";
			};
			name = Debug;
		};
		5211F1872166D96800EF1B27 /* Release */ = {
			isa = XCBuildConfiguration;
			buildSettings = {
				BUNDLE_LOADER = "$(TEST_HOST)";
				CODE_SIGN_STYLE = Automatic;
				DEVELOPMENT_TEAM = 645DPB2K5W;
				INFOPLIST_FILE = TestingTests/Info.plist;
				LD_RUNPATH_SEARCH_PATHS = (
					"$(inherited)",
					"@executable_path/Frameworks",
					"@loader_path/Frameworks",
				);
				PRODUCT_BUNDLE_IDENTIFIER = com.toddperkins.TestingTests;
				PRODUCT_NAME = "$(TARGET_NAME)";
				SWIFT_VERSION = 4.2;
				TARGETED_DEVICE_FAMILY = "1,2";
				TEST_HOST = "$(BUILT_PRODUCTS_DIR)/Testing.app/Testing";
			};
			name = Release;
		};
/* End XCBuildConfiguration section */

/* Begin XCConfigurationList section */
		5211F15E2166D7E300EF1B27 /* Build configuration list for PBXProject "Testing" */ = {
			isa = XCConfigurationList;
			buildConfigurations = (
				5211F1732166D7E700EF1B27 /* Debug */,
				5211F1742166D7E700EF1B27 /* Release */,
			);
			defaultConfigurationIsVisible = 0;
			defaultConfigurationName = Release;
		};
		5211F1752166D7E700EF1B27 /* Build configuration list for PBXNativeTarget "Testing" */ = {
			isa = XCConfigurationList;
			buildConfigurations = (
				5211F1762166D7E700EF1B27 /* Debug */,
				5211F1772166D7E700EF1B27 /* Release */,
			);
			defaultConfigurationIsVisible = 0;
			defaultConfigurationName = Release;
		};
		5211F1852166D96800EF1B27 /* Build configuration list for PBXNativeTarget "TestingTests" */ = {
			isa = XCConfigurationList;
			buildConfigurations = (
				5211F1862166D96800EF1B27 /* Debug */,
				5211F1872166D96800EF1B27 /* Release */,
			);
			defaultConfigurationIsVisible = 0;
			defaultConfigurationName = Release;
		};
/* End XCConfigurationList section */
	};
	rootObject = 5211F15B2166D7E300EF1B27 /* Project object */;
}
